
Microsoft Visual Studio Solution File, Format Version 12.00
# Visual Studio Version 17
VisualStudioVersion = 17.1.32210.238
MinimumVisualStudioVersion = 10.0.40219.1
Project("{9A19103F-16F7-4668-BE54-9A1E7A4F7556}") = "TestingAndCalibrationLabs.Web.UI", "TestingAndCalibrationLabs.Web.UI\TestingAndCalibrationLabs.Web.UI.csproj", "{F99B42AC-ECC3-42DA-BB44-B1087D8767DD}"
EndProject
Project("{9A19103F-16F7-4668-BE54-9A1E7A4F7556}") = "TestingAndCalibrationLabs.Business", "TestingAndCalibrationLabs.Business\TestingAndCalibrationLabs.Business.csproj", "{E109923E-D848-477B-9D7C-61DF6BCAA37D}"
EndProject
Project("{2150E333-8FDC-42A3-9474-1A3956D46DE8}") = "Database", "Database", "{51F24674-1B4D-4BCE-BE5D-953DDAB78CE5}"
EndProject
Project("{2150E333-8FDC-42A3-9474-1A3956D46DE8}") = "Tests", "Tests", "{7EE1F4A1-D042-4AF5-A84F-9BD7A5B97EAD}"
EndProject
Project("{FAE04EC0-301F-11D3-BF4B-00C04F79EFBC}") = "TestingAndCalibrationLabs.Tests", "TestingAndCalibrationLabs\TestingAndCalibrationLabs.Tests.csproj", "{5782CEC0-A093-41DA-B015-09C1993841F0}"
EndProject
Global
	GlobalSection(SolutionConfigurationPlatforms) = preSolution
		Debug|Any CPU = Debug|Any CPU
		Release|Any CPU = Release|Any CPU
	EndGlobalSection
	GlobalSection(ProjectConfigurationPlatforms) = postSolution
		{F99B42AC-ECC3-42DA-BB44-B1087D8767DD}.Debug|Any CPU.ActiveCfg = Debug|Any CPU
		{F99B42AC-ECC3-42DA-BB44-B1087D8767DD}.Debug|Any CPU.Build.0 = Debug|Any CPU
		{F99B42AC-ECC3-42DA-BB44-B1087D8767DD}.Release|Any CPU.ActiveCfg = Release|Any CPU
		{F99B42AC-ECC3-42DA-BB44-B1087D8767DD}.Release|Any CPU.Build.0 = Release|Any CPU
		{E109923E-D848-477B-9D7C-61DF6BCAA37D}.Debug|Any CPU.ActiveCfg = Debug|Any CPU
		{E109923E-D848-477B-9D7C-61DF6BCAA37D}.Debug|Any CPU.Build.0 = Debug|Any CPU
		{E109923E-D848-477B-9D7C-61DF6BCAA37D}.Release|Any CPU.ActiveCfg = Release|Any CPU
		{E109923E-D848-477B-9D7C-61DF6BCAA37D}.Release|Any CPU.Build.0 = Release|Any CPU
		{5782CEC0-A093-41DA-B015-09C1993841F0}.Debug|Any CPU.ActiveCfg = Debug|Any CPU
		{5782CEC0-A093-41DA-B015-09C1993841F0}.Debug|Any CPU.Build.0 = Debug|Any CPU
		{5782CEC0-A093-41DA-B015-09C1993841F0}.Release|Any CPU.ActiveCfg = Release|Any CPU
		{5782CEC0-A093-41DA-B015-09C1993841F0}.Release|Any CPU.Build.0 = Release|Any CPU
	EndGlobalSection
	GlobalSection(SolutionProperties) = preSolution
		HideSolutionNode = FALSE
	EndGlobalSection
	GlobalSection(NestedProjects) = preSolution
		{5782CEC0-A093-41DA-B015-09C1993841F0} = {7EE1F4A1-D042-4AF5-A84F-9BD7A5B97EAD}
	EndGlobalSection
	GlobalSection(ExtensibilityGlobals) = postSolution
		SolutionGuid = {59F2B9C4-C240-453F-97B0-9B5DB91EE197}
	EndGlobalSection
EndGlobal
